
Microsoft Visual Studio Solution File, Format Version 12.00
# Visual Studio Version 16
VisualStudioVersion = 16.0.29020.237
MinimumVisualStudioVersion = 10.0.40219.1
Project("{2150E333-8FDC-42A3-9474-1A3956D46DE8}") = "Solution Items", "Solution Items", "{96A8AA0F-F816-48A2-BA28-ACC547581C7D}"
	ProjectSection(SolutionItems) = preProject
		.gitattributes = .gitattributes
		.gitignore = .gitignore
		LICENSE = LICENSE
		Makefile = Makefile
		README.md = README.md
	EndProjectSection
EndProject
Project("{9A19103F-16F7-4668-BE54-9A1E7A4F7556}") = "Tests", "Tests\Tests.csproj", "{DE424A82-F327-42B6-A0B4-E139650100BC}"
EndProject
Project("{9A19103F-16F7-4668-BE54-9A1E7A4F7556}") = "Text", "Libs\Text\Text.csproj", "{81026E9A-E528-49BA-B2CD-3BD8303ED943}"
EndProject
Project("{9A19103F-16F7-4668-BE54-9A1E7A4F7556}") = "Core", "Libs\Core\Core.csproj", "{FAB01896-E2E1-4C10-B738-3A231B063879}"
EndProject
Project("{9A19103F-16F7-4668-BE54-9A1E7A4F7556}") = "Collections", "Libs\Collections\Collections.csproj", "{2D2DB620-F7B9-4079-8D02-AF5F83662AF0}"
EndProject
Project("{9A19103F-16F7-4668-BE54-9A1E7A4F7556}") = "Extensions", "Libs\Extensions\Extensions.csproj", "{C966EB2D-830E-4524-84FB-DA052666AA0D}"
EndProject
Project("{FAE04EC0-301F-11D3-BF4B-00C04F79EFBC}") = "Misc", "Libs\Misc\Misc.csproj", "{3A4F89E6-5005-499B-8F0B-DA8B1C29091B}"
EndProject
Global
	GlobalSection(SolutionConfigurationPlatforms) = preSolution
		Debug|Any CPU = Debug|Any CPU
		Release|Any CPU = Release|Any CPU
	EndGlobalSection
	GlobalSection(ProjectConfigurationPlatforms) = postSolution
		{DE424A82-F327-42B6-A0B4-E139650100BC}.Debug|Any CPU.ActiveCfg = Debug|Any CPU
		{DE424A82-F327-42B6-A0B4-E139650100BC}.Debug|Any CPU.Build.0 = Debug|Any CPU
		{DE424A82-F327-42B6-A0B4-E139650100BC}.Release|Any CPU.ActiveCfg = Release|Any CPU
		{DE424A82-F327-42B6-A0B4-E139650100BC}.Release|Any CPU.Build.0 = Release|Any CPU
		{81026E9A-E528-49BA-B2CD-3BD8303ED943}.Debug|Any CPU.ActiveCfg = Debug|Any CPU
		{81026E9A-E528-49BA-B2CD-3BD8303ED943}.Debug|Any CPU.Build.0 = Debug|Any CPU
		{81026E9A-E528-49BA-B2CD-3BD8303ED943}.Release|Any CPU.ActiveCfg = Release|Any CPU
		{81026E9A-E528-49BA-B2CD-3BD8303ED943}.Release|Any CPU.Build.0 = Release|Any CPU
		{FAB01896-E2E1-4C10-B738-3A231B063879}.Debug|Any CPU.ActiveCfg = Debug|Any CPU
		{FAB01896-E2E1-4C10-B738-3A231B063879}.Debug|Any CPU.Build.0 = Debug|Any CPU
		{FAB01896-E2E1-4C10-B738-3A231B063879}.Release|Any CPU.ActiveCfg = Release|Any CPU
		{FAB01896-E2E1-4C10-B738-3A231B063879}.Release|Any CPU.Build.0 = Release|Any CPU
		{2D2DB620-F7B9-4079-8D02-AF5F83662AF0}.Debug|Any CPU.ActiveCfg = Debug|Any CPU
		{2D2DB620-F7B9-4079-8D02-AF5F83662AF0}.Debug|Any CPU.Build.0 = Debug|Any CPU
		{2D2DB620-F7B9-4079-8D02-AF5F83662AF0}.Release|Any CPU.ActiveCfg = Release|Any CPU
		{2D2DB620-F7B9-4079-8D02-AF5F83662AF0}.Release|Any CPU.Build.0 = Release|Any CPU
		{C966EB2D-830E-4524-84FB-DA052666AA0D}.Debug|Any CPU.ActiveCfg = Debug|Any CPU
		{C966EB2D-830E-4524-84FB-DA052666AA0D}.Debug|Any CPU.Build.0 = Debug|Any CPU
		{C966EB2D-830E-4524-84FB-DA052666AA0D}.Release|Any CPU.ActiveCfg = Release|Any CPU
		{C966EB2D-830E-4524-84FB-DA052666AA0D}.Release|Any CPU.Build.0 = Release|Any CPU
		{3A4F89E6-5005-499B-8F0B-DA8B1C29091B}.Debug|Any CPU.ActiveCfg = Debug|Any CPU
		{3A4F89E6-5005-499B-8F0B-DA8B1C29091B}.Debug|Any CPU.Build.0 = Debug|Any CPU
		{3A4F89E6-5005-499B-8F0B-DA8B1C29091B}.Release|Any CPU.ActiveCfg = Release|Any CPU
		{3A4F89E6-5005-499B-8F0B-DA8B1C29091B}.Release|Any CPU.Build.0 = Release|Any CPU
	EndGlobalSection
	GlobalSection(SolutionProperties) = preSolution
		HideSolutionNode = FALSE
	EndGlobalSection
	GlobalSection(ExtensibilityGlobals) = postSolution
		SolutionGuid = {26279412-2CFC-47A5-B072-80EFDD6D547E}
	EndGlobalSection
EndGlobal
